PODS:
  - Kronos (4.3.0)
  - XXDK (4.7.4)

DEPENDENCIES:
  - Kronos
  - XXDK

SPEC REPOS:
  trunk:
    - Kronos
    - XXDK

SPEC CHECKSUMS:
  Kronos: a1a15fb5bb0f7a79591bfcdd5d1863a922c5c03e
  XXDK: e63171ca192da428794b7dd5d7f135bd1fb713bb

PODFILE CHECKSUM: 614bdd8b0965fe5aa222c3876a7f5c22c5eec14d

COCOAPODS: 1.16.2
