PODS:
  - Kronos (4.3.0)
  - XXDK (4.7.5)

DEPENDENCIES:
  - Kronos
  - XXDK (from `/Users/ommore/Documents/github/xx-network/client`)

SPEC REPOS:
  trunk:
    - Kronos

EXTERNAL SOURCES:
  XXDK:
    :path: "/Users/ommore/Documents/github/xx-network/client"

SPEC CHECKSUMS:
  Kronos: a1a15fb5bb0f7a79591bfcdd5d1863a922c5c03e
  XXDK: 2f5b088988accc1c8bcf6b6714c581e645b62536

PODFILE CHECKSUM: 06a118d2fcbdae802b3f5dfc2ec3acc41b30b579

COCOAPODS: 1.16.2
